
Microsoft Visual Studio Solution File, Format Version 12.00
# Visual Studio 15
VisualStudioVersion = 15.0.26730.12
MinimumVisualStudioVersion = 10.0.40219.1
Project("{FAE04EC0-301F-11D3-BF4B-00C04F79EFBC}") = "HomeWork", "HomeWork\HomeWork.csproj", "{029D60C0-8E1C-4120-9C25-9D83A8C4C3EB}"
EndProject
Global
	GlobalSection(SolutionConfigurationPlatforms) = preSolution
		Debug|Any CPU = Debug|Any CPU
		Release|Any CPU = Release|Any CPU
	EndGlobalSection
	GlobalSection(ProjectConfigurationPlatforms) = postSolution
		{029D60C0-8E1C-4120-9C25-9D83A8C4C3EB}.Debug|Any CPU.ActiveCfg = Debug|Any CPU
		{029D60C0-8E1C-4120-9C25-9D83A8C4C3EB}.Debug|Any CPU.Build.0 = Debug|Any CPU
		{029D60C0-8E1C-4120-9C25-9D83A8C4C3EB}.Release|Any CPU.ActiveCfg = Release|Any CPU
		{029D60C0-8E1C-4120-9C25-9D83A8C4C3EB}.Release|Any CPU.Build.0 = Release|Any CPU
	EndGlobalSection
	GlobalSection(SolutionProperties) = preSolution
		HideSolutionNode = FALSE
	EndGlobalSection
	GlobalSection(ExtensibilityGlobals) = postSolution
		SolutionGuid = {E444B8CF-844B-4AD6-A78D-7821E63A0310}
	EndGlobalSection
EndGlobal
